// !$*UTF8*$!
{
	archiveVersion = 1;
	classes = {
	};
	objectVersion = 56;
	objects = {

/* Begin PBXBuildFile section */
		578E379F2A406DFA00BCD6C1 /* Constants.swift in Sources */ = {isa = PBXBuildFile; fileRef = 578E379E2A406DFA00BCD6C1 /* Constants.swift */; };
		578E37A12A40746400BCD6C1 /* UIViewController+ Extension.swift in Sources */ = {isa = PBXBuildFile; fileRef = 578E37A02A40746400BCD6C1 /* UIViewController+ Extension.swift */; };
		578E37A32A40ABCF00BCD6C1 /* CustomNavigationController.swift in Sources */ = {isa = PBXBuildFile; fileRef = 578E37A22A40ABCF00BCD6C1 /* CustomNavigationController.swift */; };
		578E37A72A40FD1C00BCD6C1 /* ReusableUIButton.swift in Sources */ = {isa = PBXBuildFile; fileRef = 578E37A62A40FD1C00BCD6C1 /* ReusableUIButton.swift */; };
		578E37A92A41052700BCD6C1 /* MontserratAlternates-Bold.ttf in Resources */ = {isa = PBXBuildFile; fileRef = 578E37A82A41052600BCD6C1 /* MontserratAlternates-Bold.ttf */; };
		578E37AB2A410D3D00BCD6C1 /* UITextField+ Extension.swift in Sources */ = {isa = PBXBuildFile; fileRef = 578E37AA2A410D3D00BCD6C1 /* UITextField+ Extension.swift */; };
		578E37AD2A41124700BCD6C1 /* ReusableTextField.swift in Sources */ = {isa = PBXBuildFile; fileRef = 578E37AC2A41124600BCD6C1 /* ReusableTextField.swift */; };
		57A528182A420792004269B4 /* CreateAccountViewController.swift in Sources */ = {isa = PBXBuildFile; fileRef = 57A528172A420792004269B4 /* CreateAccountViewController.swift */; };
		57A5281A2A4208EF004269B4 /* TextFieldsLabel.swift in Sources */ = {isa = PBXBuildFile; fileRef = 57A528192A4208EF004269B4 /* TextFieldsLabel.swift */; };
		57A778332A3FD29200FE43E4 /* AppDelegate.swift in Sources */ = {isa = PBXBuildFile; fileRef = 57A778322A3FD29200FE43E4 /* AppDelegate.swift */; };
		57A778352A3FD29200FE43E4 /* SceneDelegate.swift in Sources */ = {isa = PBXBuildFile; fileRef = 57A778342A3FD29200FE43E4 /* SceneDelegate.swift */; };
		57A778372A3FD29200FE43E4 /* WellcomeViewController.swift in Sources */ = {isa = PBXBuildFile; fileRef = 57A778362A3FD29200FE43E4 /* WellcomeViewController.swift */; };
		57A7783C2A3FD29900FE43E4 /* Assets.xcassets in Resources */ = {isa = PBXBuildFile; fileRef = 57A7783B2A3FD29900FE43E4 /* Assets.xcassets */; };
		57A7783F2A3FD29900FE43E4 /* LaunchScreen.storyboard in Resources */ = {isa = PBXBuildFile; fileRef = 57A7783D2A3FD29900FE43E4 /* LaunchScreen.storyboard */; };
		57A778492A3FD46F00FE43E4 /* AveriaSansLibre-Bold.ttf in Resources */ = {isa = PBXBuildFile; fileRef = 57A778482A3FD46F00FE43E4 /* AveriaSansLibre-Bold.ttf */; };
		57A7784B2A3FD47A00FE43E4 /* AveriaSansLibre-Light.ttf in Resources */ = {isa = PBXBuildFile; fileRef = 57A7784A2A3FD47A00FE43E4 /* AveriaSansLibre-Light.ttf */; };
		57A7784D2A3FD48500FE43E4 /* AveriaSansLibre-Regular.ttf in Resources */ = {isa = PBXBuildFile; fileRef = 57A7784C2A3FD48500FE43E4 /* AveriaSansLibre-Regular.ttf */; };
		57A778502A3FD4E100FE43E4 /* UIFont+ Extension.swift in Sources */ = {isa = PBXBuildFile; fileRef = 57A7784F2A3FD4E100FE43E4 /* UIFont+ Extension.swift */; };
		57A778522A3FD64E00FE43E4 /* MontserratAlternates-SemiBold.ttf in Resources */ = {isa = PBXBuildFile; fileRef = 57A778512A3FD64E00FE43E4 /* MontserratAlternates-SemiBold.ttf */; };
		57A778542A3FD96400FE43E4 /* UIColor+ Extension.swift in Sources */ = {isa = PBXBuildFile; fileRef = 57A778532A3FD96400FE43E4 /* UIColor+ Extension.swift */; };
/* End PBXBuildFile section */

/* Begin PBXFileReference section */
		578E379E2A406DFA00BCD6C1 /* Constants.swift */ = {isa = PBXFileReference; lastKnownFileType = sourcecode.swift; path = Constants.swift; sourceTree = "<group>"; };
		578E37A02A40746400BCD6C1 /* UIViewController+ Extension.swift */ = {isa = PBXFileReference; lastKnownFileType = sourcecode.swift; path = "UIViewController+ Extension.swift"; sourceTree = "<group>"; };
		578E37A22A40ABCF00BCD6C1 /* CustomNavigationController.swift */ = {isa = PBXFileReference; lastKnownFileType = sourcecode.swift; path = CustomNavigationController.swift; sourceTree = "<group>"; };
		578E37A62A40FD1C00BCD6C1 /* ReusableUIButton.swift */ = {isa = PBXFileReference; lastKnownFileType = sourcecode.swift; path = ReusableUIButton.swift; sourceTree = "<group>"; };
		578E37A82A41052600BCD6C1 /* MontserratAlternates-Bold.ttf */ = {isa = PBXFileReference; lastKnownFileType = file; path = "MontserratAlternates-Bold.ttf"; sourceTree = "<group>"; };
		578E37AA2A410D3D00BCD6C1 /* UITextField+ Extension.swift */ = {isa = PBXFileReference; lastKnownFileType = sourcecode.swift; path = "UITextField+ Extension.swift"; sourceTree = "<group>"; };
		578E37AC2A41124600BCD6C1 /* ReusableTextField.swift */ = {isa = PBXFileReference; lastKnownFileType = sourcecode.swift; path = ReusableTextField.swift; sourceTree = "<group>"; };
		57A528172A420792004269B4 /* CreateAccountViewController.swift */ = {isa = PBXFileReference; lastKnownFileType = sourcecode.swift; path = CreateAccountViewController.swift; sourceTree = "<group>"; };
		57A528192A4208EF004269B4 /* TextFieldsLabel.swift */ = {isa = PBXFileReference; lastKnownFileType = sourcecode.swift; path = TextFieldsLabel.swift; sourceTree = "<group>"; };
		57A7782F2A3FD29200FE43E4 /* DOCTOR CHANNELING.app */ = {isa = PBXFileReference; explicitFileType = wrapper.application; includeInIndex = 0; path = "DOCTOR CHANNELING.app"; sourceTree = BUILT_PRODUCTS_DIR; };
		57A778322A3FD29200FE43E4 /* AppDelegate.swift */ = {isa = PBXFileReference; lastKnownFileType = sourcecode.swift; path = AppDelegate.swift; sourceTree = "<group>"; };
		57A778342A3FD29200FE43E4 /* SceneDelegate.swift */ = {isa = PBXFileReference; lastKnownFileType = sourcecode.swift; path = SceneDelegate.swift; sourceTree = "<group>"; };
		57A778362A3FD29200FE43E4 /* WellcomeViewController.swift */ = {isa = PBXFileReference; lastKnownFileType = sourcecode.swift; path = WellcomeViewController.swift; sourceTree = "<group>"; };
		57A7783B2A3FD29900FE43E4 /* Assets.xcassets */ = {isa = PBXFileReference; lastKnownFileType = folder.assetcatalog; path = Assets.xcassets; sourceTree = "<group>"; };
		57A7783E2A3FD29900FE43E4 /* Base */ = {isa = PBXFileReference; lastKnownFileType = file.storyboard; name = Base; path = Base.lproj/LaunchScreen.storyboard; sourceTree = "<group>"; };
		57A778402A3FD29900FE43E4 /* Info.plist */ = {isa = PBXFileReference; lastKnownFileType = text.plist.xml; path = Info.plist; sourceTree = "<group>"; };
		57A778482A3FD46F00FE43E4 /* AveriaSansLibre-Bold.ttf */ = {isa = PBXFileReference; lastKnownFileType = file; path = "AveriaSansLibre-Bold.ttf"; sourceTree = "<group>"; };
		57A7784A2A3FD47A00FE43E4 /* AveriaSansLibre-Light.ttf */ = {isa = PBXFileReference; lastKnownFileType = file; path = "AveriaSansLibre-Light.ttf"; sourceTree = "<group>"; };
		57A7784C2A3FD48500FE43E4 /* AveriaSansLibre-Regular.ttf */ = {isa = PBXFileReference; lastKnownFileType = file; path = "AveriaSansLibre-Regular.ttf"; sourceTree = "<group>"; };
		57A7784F2A3FD4E100FE43E4 /* UIFont+ Extension.swift */ = {isa = PBXFileReference; lastKnownFileType = sourcecode.swift; path = "UIFont+ Extension.swift"; sourceTree = "<group>"; };
		57A778512A3FD64E00FE43E4 /* MontserratAlternates-SemiBold.ttf */ = {isa = PBXFileReference; lastKnownFileType = file; path = "MontserratAlternates-SemiBold.ttf"; sourceTree = "<group>"; };
		57A778532A3FD96400FE43E4 /* UIColor+ Extension.swift */ = {isa = PBXFileReference; lastKnownFileType = sourcecode.swift; path = "UIColor+ Extension.swift"; sourceTree = "<group>"; };
/* End PBXFileReference section */

/* Begin PBXFrameworksBuildPhase section */
		57A7782C2A3FD29200FE43E4 /* Frameworks */ = {
			isa = PBXFrameworksBuildPhase;
			buildActionMask = 2147483647;
			files = (
			);
			runOnlyForDeploymentPostprocessing = 0;
		};
/* End PBXFrameworksBuildPhase section */

/* Begin PBXGroup section */
		578E379B2A406D7200BCD6C1 /* Model */ = {
			isa = PBXGroup;
			children = (
			);
			path = Model;
			sourceTree = "<group>";
		};
		578E379C2A406DAA00BCD6C1 /* View */ = {
			isa = PBXGroup;
			children = (
				57A7783D2A3FD29900FE43E4 /* LaunchScreen.storyboard */,
				578E37A22A40ABCF00BCD6C1 /* CustomNavigationController.swift */,
				578E37A62A40FD1C00BCD6C1 /* ReusableUIButton.swift */,
				578E37AC2A41124600BCD6C1 /* ReusableTextField.swift */,
				57A528192A4208EF004269B4 /* TextFieldsLabel.swift */,
			);
			path = View;
			sourceTree = "<group>";
		};
		578E379D2A406DB500BCD6C1 /* Controller */ = {
			isa = PBXGroup;
			children = (
				57A778362A3FD29200FE43E4 /* WellcomeViewController.swift */,
				57A528172A420792004269B4 /* CreateAccountViewController.swift */,
			);
			path = Controller;
			sourceTree = "<group>";
		};
		57A778262A3FD29200FE43E4 = {
			isa = PBXGroup;
			children = (
				57A778312A3FD29200FE43E4 /* DOCTOR CHANNELING */,
				57A778302A3FD29200FE43E4 /* Products */,
			);
			sourceTree = "<group>";
		};
		57A778302A3FD29200FE43E4 /* Products */ = {
			isa = PBXGroup;
			children = (
				57A7782F2A3FD29200FE43E4 /* DOCTOR CHANNELING.app */,
			);
			name = Products;
			sourceTree = "<group>";
		};
		57A778312A3FD29200FE43E4 /* DOCTOR CHANNELING */ = {
			isa = PBXGroup;
			children = (
				578E379B2A406D7200BCD6C1 /* Model */,
				578E379C2A406DAA00BCD6C1 /* View */,
				578E379D2A406DB500BCD6C1 /* Controller */,
				57A7784E2A3FD4CA00FE43E4 /* Extensions */,
				57A778462A3FD45900FE43E4 /* Supporting files */,
				57A778402A3FD29900FE43E4 /* Info.plist */,
				578E379E2A406DFA00BCD6C1 /* Constants.swift */,
			);
			path = "DOCTOR CHANNELING";
			sourceTree = "<group>";
		};
		57A778462A3FD45900FE43E4 /* Supporting files */ = {
			isa = PBXGroup;
			children = (
				57A7783B2A3FD29900FE43E4 /* Assets.xcassets */,
				57A778342A3FD29200FE43E4 /* SceneDelegate.swift */,
				57A778322A3FD29200FE43E4 /* AppDelegate.swift */,
				57A778472A3FD46300FE43E4 /* Fonts */,
			);
			path = "Supporting files";
			sourceTree = "<group>";
		};
		57A778472A3FD46300FE43E4 /* Fonts */ = {
			isa = PBXGroup;
			children = (
				578E37A82A41052600BCD6C1 /* MontserratAlternates-Bold.ttf */,
				57A778512A3FD64E00FE43E4 /* MontserratAlternates-SemiBold.ttf */,
				57A7784C2A3FD48500FE43E4 /* AveriaSansLibre-Regular.ttf */,
				57A7784A2A3FD47A00FE43E4 /* AveriaSansLibre-Light.ttf */,
				57A778482A3FD46F00FE43E4 /* AveriaSansLibre-Bold.ttf */,
			);
			path = Fonts;
			sourceTree = "<group>";
		};
		57A7784E2A3FD4CA00FE43E4 /* Extensions */ = {
			isa = PBXGroup;
			children = (
				57A7784F2A3FD4E100FE43E4 /* UIFont+ Extension.swift */,
				57A778532A3FD96400FE43E4 /* UIColor+ Extension.swift */,
				578E37A02A40746400BCD6C1 /* UIViewController+ Extension.swift */,
				578E37AA2A410D3D00BCD6C1 /* UITextField+ Extension.swift */,
			);
			path = Extensions;
			sourceTree = "<group>";
		};
/* End PBXGroup section */

/* Begin PBXNativeTarget section */
		57A7782E2A3FD29200FE43E4 /* DOCTOR CHANNELING */ = {
			isa = PBXNativeTarget;
			buildConfigurationList = 57A778432A3FD29900FE43E4 /* Build configuration list for PBXNativeTarget "DOCTOR CHANNELING" */;
			buildPhases = (
				57A7782B2A3FD29200FE43E4 /* Sources */,
				57A7782C2A3FD29200FE43E4 /* Frameworks */,
				57A7782D2A3FD29200FE43E4 /* Resources */,
			);
			buildRules = (
			);
			dependencies = (
			);
			name = "DOCTOR CHANNELING";
			productName = "DOCTOR CHANNELING";
			productReference = 57A7782F2A3FD29200FE43E4 /* DOCTOR CHANNELING.app */;
			productType = "com.apple.product-type.application";
		};
/* End PBXNativeTarget section */

/* Begin PBXProject section */
		57A778272A3FD29200FE43E4 /* Project object */ = {
			isa = PBXProject;
			attributes = {
				BuildIndependentTargetsInParallel = 1;
				LastSwiftUpdateCheck = 1430;
				LastUpgradeCheck = 1430;
				TargetAttributes = {
					57A7782E2A3FD29200FE43E4 = {
						CreatedOnToolsVersion = 14.3;
					};
				};
			};
			buildConfigurationList = 57A7782A2A3FD29200FE43E4 /* Build configuration list for PBXProject "DOCTOR CHANNELING" */;
			compatibilityVersion = "Xcode 14.0";
			developmentRegion = en;
			hasScannedForEncodings = 0;
			knownRegions = (
				en,
				Base,
			);
			mainGroup = 57A778262A3FD29200FE43E4;
			productRefGroup = 57A778302A3FD29200FE43E4 /* Products */;
			projectDirPath = "";
			projectRoot = "";
			targets = (
				57A7782E2A3FD29200FE43E4 /* DOCTOR CHANNELING */,
			);
		};
/* End PBXProject section */

/* Begin PBXResourcesBuildPhase section */
		57A7782D2A3FD29200FE43E4 /* Resources */ = {
			isa = PBXResourcesBuildPhase;
			buildActionMask = 2147483647;
			files = (
				57A7784D2A3FD48500FE43E4 /* AveriaSansLibre-Regular.ttf in Resources */,
				57A7783F2A3FD29900FE43E4 /* LaunchScreen.storyboard in Resources */,
				57A7784B2A3FD47A00FE43E4 /* AveriaSansLibre-Light.ttf in Resources */,
				57A778522A3FD64E00FE43E4 /* MontserratAlternates-SemiBold.ttf in Resources */,
				57A778492A3FD46F00FE43E4 /* AveriaSansLibre-Bold.ttf in Resources */,
				578E37A92A41052700BCD6C1 /* MontserratAlternates-Bold.ttf in Resources */,
				57A7783C2A3FD29900FE43E4 /* Assets.xcassets in Resources */,
			);
			runOnlyForDeploymentPostprocessing = 0;
		};
/* End PBXResourcesBuildPhase section */

/* Begin PBXSourcesBuildPhase section */
		57A7782B2A3FD29200FE43E4 /* Sources */ = {
			isa = PBXSourcesBuildPhase;
			buildActionMask = 2147483647;
			files = (
				57A528182A420792004269B4 /* CreateAccountViewController.swift in Sources */,
				57A778372A3FD29200FE43E4 /* WellcomeViewController.swift in Sources */,
				57A778332A3FD29200FE43E4 /* AppDelegate.swift in Sources */,
				578E37A72A40FD1C00BCD6C1 /* ReusableUIButton.swift in Sources */,
				578E37A32A40ABCF00BCD6C1 /* CustomNavigationController.swift in Sources */,
				578E37A12A40746400BCD6C1 /* UIViewController+ Extension.swift in Sources */,
				57A778352A3FD29200FE43E4 /* SceneDelegate.swift in Sources */,
				57A5281A2A4208EF004269B4 /* TextFieldsLabel.swift in Sources */,
				578E37AB2A410D3D00BCD6C1 /* UITextField+ Extension.swift in Sources */,
				57A778542A3FD96400FE43E4 /* UIColor+ Extension.swift in Sources */,
				57A778502A3FD4E100FE43E4 /* UIFont+ Extension.swift in Sources */,
				578E37AD2A41124700BCD6C1 /* ReusableTextField.swift in Sources */,
				578E379F2A406DFA00BCD6C1 /* Constants.swift in Sources */,
			);
			runOnlyForDeploymentPostprocessing = 0;
		};
/* End PBXSourcesBuildPhase section */

/* Begin PBXVariantGroup section */
		57A7783D2A3FD29900FE43E4 /* LaunchScreen.storyboard */ = {
			isa = PBXVariantGroup;
			children = (
				57A7783E2A3FD29900FE43E4 /* Base */,
			);
			name = LaunchScreen.storyboard;
			sourceTree = "<group>";
		};
/* End PBXVariantGroup section */

/* Begin XCBuildConfiguration section */
		57A778412A3FD29900FE43E4 /* Debug */ = {
			isa = XCBuildConfiguration;
			buildSettings = {
				ALWAYS_SEARCH_USER_PATHS = NO;
				CLANG_ANALYZER_NONNULL = YES;
				CLANG_ANALYZER_NUMBER_OBJECT_CONVERSION = YES_AGGRESSIVE;
				CLANG_CXX_LANGUAGE_STANDARD = "gnu++20";
				CLANG_ENABLE_MODULES = YES;
				CLANG_ENABLE_OBJC_ARC = YES;
				CLANG_ENABLE_OBJC_WEAK = YES;
				CLANG_WARN_BLOCK_CAPTURE_AUTORELEASING = YES;
				CLANG_WARN_BOOL_CONVERSION = YES;
				CLANG_WARN_COMMA = YES;
				CLANG_WARN_CONSTANT_CONVERSION = YES;
				CLANG_WARN_DEPRECATED_OBJC_IMPLEMENTATIONS = YES;
				CLANG_WARN_DIRECT_OBJC_ISA_USAGE = YES_ERROR;
				CLANG_WARN_DOCUMENTATION_COMMENTS = YES;
				CLANG_WARN_EMPTY_BODY = YES;
				CLANG_WARN_ENUM_CONVERSION = YES;
				CLANG_WARN_INFINITE_RECURSION = YES;
				CLANG_WARN_INT_CONVERSION = YES;
				CLANG_WARN_NON_LITERAL_NULL_CONVERSION = YES;
				CLANG_WARN_OBJC_IMPLICIT_RETAIN_SELF = YES;
				CLANG_WARN_OBJC_LITERAL_CONVERSION = YES;
				CLANG_WARN_OBJC_ROOT_CLASS = YES_ERROR;
				CLANG_WARN_QUOTED_INCLUDE_IN_FRAMEWORK_HEADER = YES;
				CLANG_WARN_RANGE_LOOP_ANALYSIS = YES;
				CLANG_WARN_STRICT_PROTOTYPES = YES;
				CLANG_WARN_SUSPICIOUS_MOVE = YES;
				CLANG_WARN_UNGUARDED_AVAILABILITY = YES_AGGRESSIVE;
				CLANG_WARN_UNREACHABLE_CODE = YES;
				CLANG_WARN__DUPLICATE_METHOD_MATCH = YES;
				COPY_PHASE_STRIP = NO;
				DEBUG_INFORMATION_FORMAT = dwarf;
				ENABLE_STRICT_OBJC_MSGSEND = YES;
				ENABLE_TESTABILITY = YES;
				GCC_C_LANGUAGE_STANDARD = gnu11;
				GCC_DYNAMIC_NO_PIC = NO;
				GCC_NO_COMMON_BLOCKS = YES;
				GCC_OPTIMIZATION_LEVEL = 0;
				GCC_PREPROCESSOR_DEFINITIONS = (
					"DEBUG=1",
					"$(inherited)",
				);
				GCC_WARN_64_TO_32_BIT_CONVERSION = YES;
				GCC_WARN_ABOUT_RETURN_TYPE = YES_ERROR;
				GCC_WARN_UNDECLARED_SELECTOR = YES;
				GCC_WARN_UNINITIALIZED_AUTOS = YES_AGGRESSIVE;
				GCC_WARN_UNUSED_FUNCTION = YES;
				GCC_WARN_UNUSED_VARIABLE = YES;
				IPHONEOS_DEPLOYMENT_TARGET = 16.4;
				MTL_ENABLE_DEBUG_INFO = INCLUDE_SOURCE;
				MTL_FAST_MATH = YES;
				ONLY_ACTIVE_ARCH = YES;
				SDKROOT = iphoneos;
				SWIFT_ACTIVE_COMPILATION_CONDITIONS = DEBUG;
				SWIFT_OPTIMIZATION_LEVEL = "-Onone";
			};
			name = Debug;
		};
		57A778422A3FD29900FE43E4 /* Release */ = {
			isa = XCBuildConfiguration;
			buildSettings = {
				ALWAYS_SEARCH_USER_PATHS = NO;
				CLANG_ANALYZER_NONNULL = YES;
				CLANG_ANALYZER_NUMBER_OBJECT_CONVERSION = YES_AGGRESSIVE;
				CLANG_CXX_LANGUAGE_STANDARD = "gnu++20";
				CLANG_ENABLE_MODULES = YES;
				CLANG_ENABLE_OBJC_ARC = YES;
				CLANG_ENABLE_OBJC_WEAK = YES;
				CLANG_WARN_BLOCK_CAPTURE_AUTORELEASING = YES;
				CLANG_WARN_BOOL_CONVERSION = YES;
				CLANG_WARN_COMMA = YES;
				CLANG_WARN_CONSTANT_CONVERSION = YES;
				CLANG_WARN_DEPRECATED_OBJC_IMPLEMENTATIONS = YES;
				CLANG_WARN_DIRECT_OBJC_ISA_USAGE = YES_ERROR;
				CLANG_WARN_DOCUMENTATION_COMMENTS = YES;
				CLANG_WARN_EMPTY_BODY = YES;
				CLANG_WARN_ENUM_CONVERSION = YES;
				CLANG_WARN_INFINITE_RECURSION = YES;
				CLANG_WARN_INT_CONVERSION = YES;
				CLANG_WARN_NON_LITERAL_NULL_CONVERSION = YES;
				CLANG_WARN_OBJC_IMPLICIT_RETAIN_SELF = YES;
				CLANG_WARN_OBJC_LITERAL_CONVERSION = YES;
				CLANG_WARN_OBJC_ROOT_CLASS = YES_ERROR;
				CLANG_WARN_QUOTED_INCLUDE_IN_FRAMEWORK_HEADER = YES;
				CLANG_WARN_RANGE_LOOP_ANALYSIS = YES;
				CLANG_WARN_STRICT_PROTOTYPES = YES;
				CLANG_WARN_SUSPICIOUS_MOVE = YES;
				CLANG_WARN_UNGUARDED_AVAILABILITY = YES_AGGRESSIVE;
				CLANG_WARN_UNREACHABLE_CODE = YES;
				CLANG_WARN__DUPLICATE_METHOD_MATCH = YES;
				COPY_PHASE_STRIP = NO;
				DEBUG_INFORMATION_FORMAT = "dwarf-with-dsym";
				ENABLE_NS_ASSERTIONS = NO;
				ENABLE_STRICT_OBJC_MSGSEND = YES;
				GCC_C_LANGUAGE_STANDARD = gnu11;
				GCC_NO_COMMON_BLOCKS = YES;
				GCC_WARN_64_TO_32_BIT_CONVERSION = YES;
				GCC_WARN_ABOUT_RETURN_TYPE = YES_ERROR;
				GCC_WARN_UNDECLARED_SELECTOR = YES;
				GCC_WARN_UNINITIALIZED_AUTOS = YES_AGGRESSIVE;
				GCC_WARN_UNUSED_FUNCTION = YES;
				GCC_WARN_UNUSED_VARIABLE = YES;
				IPHONEOS_DEPLOYMENT_TARGET = 16.4;
				MTL_ENABLE_DEBUG_INFO = NO;
				MTL_FAST_MATH = YES;
				SDKROOT = iphoneos;
				SWIFT_COMPILATION_MODE = wholemodule;
				SWIFT_OPTIMIZATION_LEVEL = "-O";
				VALIDATE_PRODUCT = YES;
			};
			name = Release;
		};
		57A778442A3FD29900FE43E4 /* Debug */ = {
			isa = XCBuildConfiguration;
			buildSettings = {
				ASSETCATALOG_COMPILER_APPICON_NAME = AppIcon;
				ASSETCATALOG_COMPILER_GLOBAL_ACCENT_COLOR_NAME = AccentColor;
				CODE_SIGN_STYLE = Automatic;
				CURRENT_PROJECT_VERSION = 1;
				DEVELOPMENT_TEAM = 8RR26756PN;
				GENERATE_INFOPLIST_FILE = YES;
				INFOPLIST_FILE = "DOCTOR CHANNELING/Info.plist";
				INFOPLIST_KEY_UIApplicationSupportsIndirectInputEvents = YES;
				INFOPLIST_KEY_UILaunchStoryboardName = LaunchScreen;
				INFOPLIST_KEY_UISupportedInterfaceOrientations_iPad = "UIInterfaceOrientationPortrait UIInterfaceOrientationPortraitUpsideDown UIInterfaceOrientationLandscapeLeft UIInterfaceOrientationLandscapeRight";
				INFOPLIST_KEY_UISupportedInterfaceOrientations_iPhone = "UIInterfaceOrientationPortrait UIInterfaceOrientationLandscapeLeft UIInterfaceOrientationLandscapeRight";
				LD_RUNPATH_SEARCH_PATHS = (
					"$(inherited)",
					"@executable_path/Frameworks",
				);
				MARKETING_VERSION = 1.0;
				PRODUCT_BUNDLE_IDENTIFIER = "co.IvanBiriukov.DOCTOR-CHANNELING";
				PRODUCT_NAME = "$(TARGET_NAME)";
				SUPPORTED_PLATFORMS = "iphoneos iphonesimulator";
				SUPPORTS_MACCATALYST = NO;
				SUPPORTS_MAC_DESIGNED_FOR_IPHONE_IPAD = NO;
				SWIFT_EMIT_LOC_STRINGS = YES;
				SWIFT_VERSION = 5.0;
				TARGETED_DEVICE_FAMILY = 1;
			};
			name = Debug;
		};
		57A778452A3FD29900FE43E4 /* Release */ = {
			isa = XCBuildConfiguration;
			buildSettings = {
				ASSETCATALOG_COMPILER_APPICON_NAME = AppIcon;
				ASSETCATALOG_COMPILER_GLOBAL_ACCENT_COLOR_NAME = AccentColor;
				CODE_SIGN_STYLE = Automatic;
				CURRENT_PROJECT_VERSION = 1;
				DEVELOPMENT_TEAM = 8RR26756PN;
				GENERATE_INFOPLIST_FILE = YES;
				INFOPLIST_FILE = "DOCTOR CHANNELING/Info.plist";
				INFOPLIST_KEY_UIApplicationSupportsIndirectInputEvents = YES;
				INFOPLIST_KEY_UILaunchStoryboardName = LaunchScreen;
				INFOPLIST_KEY_UISupportedInterfaceOrientations_iPad = "UIInterfaceOrientationPortrait UIInterfaceOrientationPortraitUpsideDown UIInterfaceOrientationLandscapeLeft UIInterfaceOrientationLandscapeRight";
				INFOPLIST_KEY_UISupportedInterfaceOrientations_iPhone = "UIInterfaceOrientationPortrait UIInterfaceOrientationLandscapeLeft UIInterfaceOrientationLandscapeRight";
				LD_RUNPATH_SEARCH_PATHS = (
					"$(inherited)",
					"@executable_path/Frameworks",
				);
				MARKETING_VERSION = 1.0;
				PRODUCT_BUNDLE_IDENTIFIER = "co.IvanBiriukov.DOCTOR-CHANNELING";
				PRODUCT_NAME = "$(TARGET_NAME)";
				SUPPORTED_PLATFORMS = "iphoneos iphonesimulator";
				SUPPORTS_MACCATALYST = NO;
				SUPPORTS_MAC_DESIGNED_FOR_IPHONE_IPAD = NO;
				SWIFT_EMIT_LOC_STRINGS = YES;
				SWIFT_VERSION = 5.0;
				TARGETED_DEVICE_FAMILY = 1;
			};
			name = Release;
		};
/* End XCBuildConfiguration section */

/* Begin XCConfigurationList section */
		57A7782A2A3FD29200FE43E4 /* Build configuration list for PBXProject "DOCTOR CHANNELING" */ = {
			isa = XCConfigurationList;
			buildConfigurations = (
				57A778412A3FD29900FE43E4 /* Debug */,
				57A778422A3FD29900FE43E4 /* Release */,
			);
			defaultConfigurationIsVisible = 0;
			defaultConfigurationName = Release;
		};
		57A778432A3FD29900FE43E4 /* Build configuration list for PBXNativeTarget "DOCTOR CHANNELING" */ = {
			isa = XCConfigurationList;
			buildConfigurations = (
				57A778442A3FD29900FE43E4 /* Debug */,
				57A778452A3FD29900FE43E4 /* Release */,
			);
			defaultConfigurationIsVisible = 0;
			defaultConfigurationName = Release;
		};
/* End XCConfigurationList section */
	};
	rootObject = 57A778272A3FD29200FE43E4 /* Project object */;
}
