{
  "pins" : [
    {
      "identity" : "fscalendar",
      "kind" : "remoteSourceControl",
      "location" : "https://github.com/WenchaoD/FSCalendar.git",
      "state" : {
        "revision" : "0fbdec5172fccb90f707472eeaea4ffe095278f6",
        "version" : "2.8.4"
      }
    },
    {
      "identity" : "iqkeyboardmanager",
      "kind" : "remoteSourceControl",
      "location" : "https://github.com/hackiftekhar/IQKeyboardManager.git",
      "state" : {
        "revision" : "ea08e08958890043019d248065fe3d825f338087",
        "version" : "6.5.12"
      }
    },
    {
      "identity" : "veil",
      "kind" : "remoteSourceControl",
      "location" : "https://github.com/DanielCardonaRojas/Veil.git",
      "state" : {
        "revision" : "967a2f103972ce5043e28f1920330ee934bcbadc",
        "version" : "0.2.0"
      }
    }
  ],
  "version" : 2
}
